hash: f2fb5a9ee877db2a5e5a7222dc8f7f8d06fa4da61ea5025db7489c79acf0657a
updated: 2019-02-06T11:01:39.210314059+01:00
imports:
- name: github.com/fatih/color
  version: 5b77d2a35fb0ede96d138fc9a99f5c9b6aef11b4
- name: github.com/go-clog/clog
  version: 3bc2eaba5fa35df0338549cc1180dc45f6fc2a16
- name: github.com/kjk/lzma
  version: 3fd93898850d5252457e48c1b3d5e1510597280b
- name: golang.org/x/sys
  version: 302c3dd5f1cc82baae8e44d9c3178e89b6e2b345
  subpackages:
  - unix
testImports: []
